
Microsoft Visual Studio Solution File, Format Version 12.00
# Visual Studio Version 17
VisualStudioVersion = 17.2.32616.157
MinimumVisualStudioVersion = 10.0.40219.1
Project("{9A19103F-16F7-4668-BE54-9A1E7A4F7556}") = "vstat-app.Notification.App", "vstat-app.Notification.App\vstat-app.Notification.App.csproj", "{654F90C8-5AEA-4087-947C-686720BB6DB1}"
	ProjectSection(ProjectDependencies) = postProject
		{64F7FB81-FB81-4976-890D-E77B6BD9D7CA} = {64F7FB81-FB81-4976-890D-E77B6BD9D7CA}
	EndProjectSection
EndProject
Project("{9A19103F-16F7-4668-BE54-9A1E7A4F7556}") = "vstat-app.Notification.Bll", "vstat-app.Notification.Bll\vstat-app.Notification.Bll.csproj", "{64F7FB81-FB81-4976-890D-E77B6BD9D7CA}"
EndProject
Project("{FAE04EC0-301F-11D3-BF4B-00C04F79EFBC}") = "vstat-app.Notification.Contracts", "vstat-app.Notification.Contracts\vstat-app.Notification.Contracts.csproj", "{514DCE19-C1C5-4BDD-848B-625D258F4AA7}"
EndProject
Project("{FAE04EC0-301F-11D3-BF4B-00C04F79EFBC}") = "vstat-app.Notification.Migrations", "vstat-app.Notification.Migrations\vstat-app.Notification.Migrations.csproj", "{68DF75EE-5E86-4E92-868F-7497313BD532}"
	ProjectSection(ProjectDependencies) = postProject
		{64F7FB81-FB81-4976-890D-E77B6BD9D7CA} = {64F7FB81-FB81-4976-890D-E77B6BD9D7CA}
	EndProjectSection
EndProject
Project("{FAE04EC0-301F-11D3-BF4B-00C04F79EFBC}") = "vstat-app.Notification.Tests", "vstat-app.Notification.Tests\vstat-app.Notification.Tests.csproj", "{820565AE-7983-4DDB-B887-3C62414C0BE8}"
	ProjectSection(ProjectDependencies) = postProject
		{64F7FB81-FB81-4976-890D-E77B6BD9D7CA} = {64F7FB81-FB81-4976-890D-E77B6BD9D7CA}
	EndProjectSection
EndProject
Global
	GlobalSection(SolutionConfigurationPlatforms) = preSolution
		Debug|Any CPU = Debug|Any CPU
		Release|Any CPU = Release|Any CPU
	EndGlobalSection
	GlobalSection(ProjectConfigurationPlatforms) = postSolution
		{654F90C8-5AEA-4087-947C-686720BB6DB1}.Debug|Any CPU.ActiveCfg = Debug|Any CPU
		{654F90C8-5AEA-4087-947C-686720BB6DB1}.Debug|Any CPU.Build.0 = Debug|Any CPU
		{654F90C8-5AEA-4087-947C-686720BB6DB1}.Release|Any CPU.ActiveCfg = Release|Any CPU
		{654F90C8-5AEA-4087-947C-686720BB6DB1}.Release|Any CPU.Build.0 = Release|Any CPU
		{64F7FB81-FB81-4976-890D-E77B6BD9D7CA}.Debug|Any CPU.ActiveCfg = Debug|Any CPU
		{64F7FB81-FB81-4976-890D-E77B6BD9D7CA}.Debug|Any CPU.Build.0 = Debug|Any CPU
		{64F7FB81-FB81-4976-890D-E77B6BD9D7CA}.Release|Any CPU.ActiveCfg = Release|Any CPU
		{64F7FB81-FB81-4976-890D-E77B6BD9D7CA}.Release|Any CPU.Build.0 = Release|Any CPU
		{514DCE19-C1C5-4BDD-848B-625D258F4AA7}.Debug|Any CPU.ActiveCfg = Debug|Any CPU
		{514DCE19-C1C5-4BDD-848B-625D258F4AA7}.Debug|Any CPU.Build.0 = Debug|Any CPU
		{514DCE19-C1C5-4BDD-848B-625D258F4AA7}.Release|Any CPU.ActiveCfg = Release|Any CPU
		{514DCE19-C1C5-4BDD-848B-625D258F4AA7}.Release|Any CPU.Build.0 = Release|Any CPU
		{68DF75EE-5E86-4E92-868F-7497313BD532}.Debug|Any CPU.ActiveCfg = Debug|Any CPU
		{68DF75EE-5E86-4E92-868F-7497313BD532}.Debug|Any CPU.Build.0 = Debug|Any CPU
		{68DF75EE-5E86-4E92-868F-7497313BD532}.Release|Any CPU.ActiveCfg = Release|Any CPU
		{68DF75EE-5E86-4E92-868F-7497313BD532}.Release|Any CPU.Build.0 = Release|Any CPU
		{820565AE-7983-4DDB-B887-3C62414C0BE8}.Debug|Any CPU.ActiveCfg = Debug|Any CPU
		{820565AE-7983-4DDB-B887-3C62414C0BE8}.Debug|Any CPU.Build.0 = Debug|Any CPU
		{820565AE-7983-4DDB-B887-3C62414C0BE8}.Release|Any CPU.ActiveCfg = Release|Any CPU
		{820565AE-7983-4DDB-B887-3C62414C0BE8}.Release|Any CPU.Build.0 = Release|Any CPU
	EndGlobalSection
	GlobalSection(SolutionProperties) = preSolution
		HideSolutionNode = FALSE
	EndGlobalSection
	GlobalSection(ExtensibilityGlobals) = postSolution
		SolutionGuid = {69144F42-D179-4CF3-A30D-929E7102E1F4}
	EndGlobalSection
EndGlobal
