
Microsoft Visual Studio Solution File, Format Version 12.00
# Visual Studio Version 17
VisualStudioVersion = 17.2.32616.157
MinimumVisualStudioVersion = 10.0.40219.1
Project("{9A19103F-16F7-4668-BE54-9A1E7A4F7556}") = "vstat-app.WorkSpace.App", "vstat-app.WorkSpace.App\vstat-app.WorkSpace.App.csproj", "{654F90C8-5AEA-4087-947C-686720BB6DB1}"
EndProject
Project("{FAE04EC0-301F-11D3-BF4B-00C04F79EFBC}") = "vstat-app.WorkSpace.Bll", "vstat-app.WorkSpace.Bll\vstat-app.WorkSpace.Bll.csproj", "{64F7FB81-FB81-4976-890D-E77B6BD9D7CA}"
EndProject
Project("{FAE04EC0-301F-11D3-BF4B-00C04F79EFBC}") = "vstat-app.WorkSpace.Contracts", "vstat-app.WorkSpace.Contracts\vstat-app.WorkSpace.Contracts.csproj", "{2CEE9BEA-11EE-4D47-94D5-4791ACC64C51}"
EndProject
Project("{FAE04EC0-301F-11D3-BF4B-00C04F79EFBC}") = "vstat-app.WorkSpace.Tests", "vstat-app.WorkSpace.Tests\vstat-app.WorkSpace.Tests.csproj", "{7D90B04A-41BA-45F1-BBC7-D23940C27B6A}"
EndProject
Project("{FAE04EC0-301F-11D3-BF4B-00C04F79EFBC}") = "vstat-app.WorkSpace.Migrations", "vstat-app.WorkSpace.Migrations\vstat-app.WorkSpace.Migrations.csproj", "{B1F7896C-5542-426D-9981-8C08AC5F1B25}"
EndProject
Global
	GlobalSection(SolutionConfigurationPlatforms) = preSolution
		Debug|Any CPU = Debug|Any CPU
		Release|Any CPU = Release|Any CPU
	EndGlobalSection
	GlobalSection(ProjectConfigurationPlatforms) = postSolution
		{654F90C8-5AEA-4087-947C-686720BB6DB1}.Debug|Any CPU.ActiveCfg = Debug|Any CPU
		{654F90C8-5AEA-4087-947C-686720BB6DB1}.Debug|Any CPU.Build.0 = Debug|Any CPU
		{654F90C8-5AEA-4087-947C-686720BB6DB1}.Release|Any CPU.ActiveCfg = Release|Any CPU
		{654F90C8-5AEA-4087-947C-686720BB6DB1}.Release|Any CPU.Build.0 = Release|Any CPU
		{64F7FB81-FB81-4976-890D-E77B6BD9D7CA}.Debug|Any CPU.ActiveCfg = Debug|Any CPU
		{64F7FB81-FB81-4976-890D-E77B6BD9D7CA}.Debug|Any CPU.Build.0 = Debug|Any CPU
		{64F7FB81-FB81-4976-890D-E77B6BD9D7CA}.Release|Any CPU.ActiveCfg = Release|Any CPU
		{64F7FB81-FB81-4976-890D-E77B6BD9D7CA}.Release|Any CPU.Build.0 = Release|Any CPU
		{2CEE9BEA-11EE-4D47-94D5-4791ACC64C51}.Debug|Any CPU.ActiveCfg = Debug|Any CPU
		{2CEE9BEA-11EE-4D47-94D5-4791ACC64C51}.Debug|Any CPU.Build.0 = Debug|Any CPU
		{2CEE9BEA-11EE-4D47-94D5-4791ACC64C51}.Release|Any CPU.ActiveCfg = Release|Any CPU
		{2CEE9BEA-11EE-4D47-94D5-4791ACC64C51}.Release|Any CPU.Build.0 = Release|Any CPU
		{7D90B04A-41BA-45F1-BBC7-D23940C27B6A}.Debug|Any CPU.ActiveCfg = Debug|Any CPU
		{7D90B04A-41BA-45F1-BBC7-D23940C27B6A}.Debug|Any CPU.Build.0 = Debug|Any CPU
		{7D90B04A-41BA-45F1-BBC7-D23940C27B6A}.Release|Any CPU.ActiveCfg = Release|Any CPU
		{7D90B04A-41BA-45F1-BBC7-D23940C27B6A}.Release|Any CPU.Build.0 = Release|Any CPU
		{B1F7896C-5542-426D-9981-8C08AC5F1B25}.Debug|Any CPU.ActiveCfg = Debug|Any CPU
		{B1F7896C-5542-426D-9981-8C08AC5F1B25}.Debug|Any CPU.Build.0 = Debug|Any CPU
		{B1F7896C-5542-426D-9981-8C08AC5F1B25}.Release|Any CPU.ActiveCfg = Release|Any CPU
		{B1F7896C-5542-426D-9981-8C08AC5F1B25}.Release|Any CPU.Build.0 = Release|Any CPU
	EndGlobalSection
	GlobalSection(SolutionProperties) = preSolution
		HideSolutionNode = FALSE
	EndGlobalSection
	GlobalSection(ExtensibilityGlobals) = postSolution
		SolutionGuid = {69144F42-D179-4CF3-A30D-929E7102E1F4}
	EndGlobalSection
EndGlobal
